# This file is automatically @generated by Cargo.
# It is not intended for manual editing.
version = 4

[[package]]
name = "exercises"
version = "0.1.0"

[[package]]
name = "katastrophes"
version = "0.1.0"

[[package]]
name = "zephyr-cli"
version = "0.1.0"
dependencies = [
 "zephyr-common",
]

[[package]]
name = "zephyr-common"
version = "0.1.0"
